// !$*UTF8*$!
{
	archiveVersion = 1;
	classes = {
	};
	objectVersion = 51;
	objects = {

/* Begin PBXBuildFile section */
		B0D88E698DFC05DA5FAB0EAF /* Pods_SocketIO_Chat_Example.framework in Frameworks */ = {isa = PBXBuildFile; fileRef = AFA74ACDBCEA36183CAB82CA /* Pods_SocketIO_Chat_Example.framework */; };
		FF0ECD1323F1257E009932FB /* AppDelegate.m in Sources */ = {isa = PBXBuildFile; fileRef = FF0ECD1223F1257E009932FB /* AppDelegate.m */; };
		FF0ECD1623F1257E009932FB /* SceneDelegate.m in Sources */ = {isa = PBXBuildFile; fileRef = FF0ECD1523F1257E009932FB /* SceneDelegate.m */; };
		FF0ECD1923F1257E009932FB /* ViewController.m in Sources */ = {isa = PBXBuildFile; fileRef = FF0ECD1823F1257E009932FB /* ViewController.m */; };
		FF0ECD1C23F1257E009932FB /* Main.storyboard in Resources */ = {isa = PBXBuildFile; fileRef = FF0ECD1A23F1257E009932FB /* Main.storyboard */; };
		FF0ECD1E23F12580009932FB /* Assets.xcassets in Resources */ = {isa = PBXBuildFile; fileRef = FF0ECD1D23F12580009932FB /* Assets.xcassets */; };
		FF0ECD2123F12580009932FB /* LaunchScreen.storyboard in Resources */ = {isa = PBXBuildFile; fileRef = FF0ECD1F23F12580009932FB /* LaunchScreen.storyboard */; };
		FF0ECD2423F12580009932FB /* main.m in Sources */ = {isa = PBXBuildFile; fileRef = FF0ECD2323F12580009932FB /* main.m */; };
		FF0ECD2D23F126C9009932FB /* SocketRocketUtility.m in Sources */ = {isa = PBXBuildFile; fileRef = FF0ECD2C23F126C9009932FB /* SocketRocketUtility.m */; };
		FF0ECD3123F148BE009932FB /* SocketIOViewController.m in Sources */ = {isa = PBXBuildFile; fileRef = FF0ECD2F23F148BE009932FB /* SocketIOViewController.m */; };
		FF0ECD3223F148BE009932FB /* SocketIOViewController.xib in Resources */ = {isa = PBXBuildFile; fileRef = FF0ECD3023F148BE009932FB /* SocketIOViewController.xib */; };
		FF0ECD3623F148D9009932FB /* WebSocketViewController.m in Sources */ = {isa = PBXBuildFile; fileRef = FF0ECD3423F148D9009932FB /* WebSocketViewController.m */; };
		FF0ECD3723F148D9009932FB /* WebSocketViewController.xib in Resources */ = {isa = PBXBuildFile; fileRef = FF0ECD3523F148D9009932FB /* WebSocketViewController.xib */; };
/* End PBXBuildFile section */

/* Begin PBXFileReference section */
		970D2883CCFFD181F87CFE02 /* Pods-SocketIO_Chat_Example.release.xcconfig */ = {isa = PBXFileReference; includeInIndex = 1; lastKnownFileType = text.xcconfig; name = "Pods-SocketIO_Chat_Example.release.xcconfig"; path = "Target Support Files/Pods-SocketIO_Chat_Example/Pods-SocketIO_Chat_Example.release.xcconfig"; sourceTree = "<group>"; };
		AFA74ACDBCEA36183CAB82CA /* Pods_SocketIO_Chat_Example.framework */ = {isa = PBXFileReference; explicitFileType = wrapper.framework; includeInIndex = 0; path = Pods_SocketIO_Chat_Example.framework; sourceTree = BUILT_PRODUCTS_DIR; };
		C1480AB128E701C2ED50E2E7 /* Pods-SocketIO_Chat_Example.debug.xcconfig */ = {isa = PBXFileReference; includeInIndex = 1; lastKnownFileType = text.xcconfig; name = "Pods-SocketIO_Chat_Example.debug.xcconfig"; path = "Target Support Files/Pods-SocketIO_Chat_Example/Pods-SocketIO_Chat_Example.debug.xcconfig"; sourceTree = "<group>"; };
		FF0ECD0E23F1257E009932FB /* SocketIO_Chat_Example.app */ = {isa = PBXFileReference; explicitFileType = wrapper.application; includeInIndex = 0; path = SocketIO_Chat_Example.app; sourceTree = BUILT_PRODUCTS_DIR; };
		FF0ECD1123F1257E009932FB /* AppDelegate.h */ = {isa = PBXFileReference; lastKnownFileType = sourcecode.c.h; path = AppDelegate.h; sourceTree = "<group>"; };
		FF0ECD1223F1257E009932FB /* AppDelegate.m */ = {isa = PBXFileReference; lastKnownFileType = sourcecode.c.objc; path = AppDelegate.m; sourceTree = "<group>"; };
		FF0ECD1423F1257E009932FB /* SceneDelegate.h */ = {isa = PBXFileReference; lastKnownFileType = sourcecode.c.h; path = SceneDelegate.h; sourceTree = "<group>"; };
		FF0ECD1523F1257E009932FB /* SceneDelegate.m */ = {isa = PBXFileReference; lastKnownFileType = sourcecode.c.objc; path = SceneDelegate.m; sourceTree = "<group>"; };
		FF0ECD1723F1257E009932FB /* ViewController.h */ = {isa = PBXFileReference; lastKnownFileType = sourcecode.c.h; path = ViewController.h; sourceTree = "<group>"; };
		FF0ECD1823F1257E009932FB /* ViewController.m */ = {isa = PBXFileReference; lastKnownFileType = sourcecode.c.objc; path = ViewController.m; sourceTree = "<group>"; };
		FF0ECD1B23F1257E009932FB /* Base */ = {isa = PBXFileReference; lastKnownFileType = file.storyboard; name = Base; path = Base.lproj/Main.storyboard; sourceTree = "<group>"; };
		FF0ECD1D23F12580009932FB /* Assets.xcassets */ = {isa = PBXFileReference; lastKnownFileType = folder.assetcatalog; path = Assets.xcassets; sourceTree = "<group>"; };
		FF0ECD2023F12580009932FB /* Base */ = {isa = PBXFileReference; lastKnownFileType = file.storyboard; name = Base; path = Base.lproj/LaunchScreen.storyboard; sourceTree = "<group>"; };
		FF0ECD2223F12580009932FB /* Info.plist */ = {isa = PBXFileReference; lastKnownFileType = text.plist.xml; path = Info.plist; sourceTree = "<group>"; };
		FF0ECD2323F12580009932FB /* main.m */ = {isa = PBXFileReference; lastKnownFileType = sourcecode.c.objc; path = main.m; sourceTree = "<group>"; };
		FF0ECD2B23F126C9009932FB /* SocketRocketUtility.h */ = {isa = PBXFileReference; lastKnownFileType = sourcecode.c.h; path = SocketRocketUtility.h; sourceTree = "<group>"; };
		FF0ECD2C23F126C9009932FB /* SocketRocketUtility.m */ = {isa = PBXFileReference; lastKnownFileType = sourcecode.c.objc; path = SocketRocketUtility.m; sourceTree = "<group>"; };
		FF0ECD2E23F148BE009932FB /* SocketIOViewController.h */ = {isa = PBXFileReference; lastKnownFileType = sourcecode.c.h; path = SocketIOViewController.h; sourceTree = "<group>"; };
		FF0ECD2F23F148BE009932FB /* SocketIOViewController.m */ = {isa = PBXFileReference; lastKnownFileType = sourcecode.c.objc; path = SocketIOViewController.m; sourceTree = "<group>"; };
		FF0ECD3023F148BE009932FB /* SocketIOViewController.xib */ = {isa = PBXFileReference; lastKnownFileType = file.xib; path = SocketIOViewController.xib; sourceTree = "<group>"; };
		FF0ECD3323F148D9009932FB /* WebSocketViewController.h */ = {isa = PBXFileReference; lastKnownFileType = sourcecode.c.h; path = WebSocketViewController.h; sourceTree = "<group>"; };
		FF0ECD3423F148D9009932FB /* WebSocketViewController.m */ = {isa = PBXFileReference; lastKnownFileType = sourcecode.c.objc; path = WebSocketViewController.m; sourceTree = "<group>"; };
		FF0ECD3523F148D9009932FB /* WebSocketViewController.xib */ = {isa = PBXFileReference; lastKnownFileType = file.xib; path = WebSocketViewController.xib; sourceTree = "<group>"; };
/* End PBXFileReference section */

/* Begin PBXFrameworksBuildPhase section */
		FF0ECD0B23F1257D009932FB /* Frameworks */ = {
			isa = PBXFrameworksBuildPhase;
			buildActionMask = 2147483647;
			files = (
				B0D88E698DFC05DA5FAB0EAF /* Pods_SocketIO_Chat_Example.framework in Frameworks */,
			);
			runOnlyForDeploymentPostprocessing = 0;
		};
/* End PBXFrameworksBuildPhase section */

/* Begin PBXGroup section */
		09CB1E4D4EE937D3291BE3E8 /* Pods */ = {
			isa = PBXGroup;
			children = (
				C1480AB128E701C2ED50E2E7 /* Pods-SocketIO_Chat_Example.debug.xcconfig */,
				970D2883CCFFD181F87CFE02 /* Pods-SocketIO_Chat_Example.release.xcconfig */,
			);
			path = Pods;
			sourceTree = "<group>";
		};
		30DF65638E6E757B5C3F6B3C /* Frameworks */ = {
			isa = PBXGroup;
			children = (
				AFA74ACDBCEA36183CAB82CA /* Pods_SocketIO_Chat_Example.framework */,
			);
			name = Frameworks;
			sourceTree = "<group>";
		};
		FF0ECD0523F1257D009932FB = {
			isa = PBXGroup;
			children = (
				FF0ECD1023F1257E009932FB /* SocketIO_Chat_Example */,
				FF0ECD0F23F1257E009932FB /* Products */,
				09CB1E4D4EE937D3291BE3E8 /* Pods */,
				30DF65638E6E757B5C3F6B3C /* Frameworks */,
			);
			sourceTree = "<group>";
		};
		FF0ECD0F23F1257E009932FB /* Products */ = {
			isa = PBXGroup;
			children = (
				FF0ECD0E23F1257E009932FB /* SocketIO_Chat_Example.app */,
			);
			name = Products;
			sourceTree = "<group>";
		};
		FF0ECD1023F1257E009932FB /* SocketIO_Chat_Example */ = {
			isa = PBXGroup;
			children = (
				FF0ECD2A23F12695009932FB /* SocketRocket */,
				FF0ECD1123F1257E009932FB /* AppDelegate.h */,
				FF0ECD1223F1257E009932FB /* AppDelegate.m */,
				FF0ECD1423F1257E009932FB /* SceneDelegate.h */,
				FF0ECD1523F1257E009932FB /* SceneDelegate.m */,
				FF0ECD1723F1257E009932FB /* ViewController.h */,
				FF0ECD1823F1257E009932FB /* ViewController.m */,
				FF0ECD2E23F148BE009932FB /* SocketIOViewController.h */,
				FF0ECD2F23F148BE009932FB /* SocketIOViewController.m */,
				FF0ECD3023F148BE009932FB /* SocketIOViewController.xib */,
				FF0ECD3323F148D9009932FB /* WebSocketViewController.h */,
				FF0ECD3423F148D9009932FB /* WebSocketViewController.m */,
				FF0ECD3523F148D9009932FB /* WebSocketViewController.xib */,
				FF0ECD1A23F1257E009932FB /* Main.storyboard */,
				FF0ECD1D23F12580009932FB /* Assets.xcassets */,
				FF0ECD1F23F12580009932FB /* LaunchScreen.storyboard */,
				FF0ECD2223F12580009932FB /* Info.plist */,
				FF0ECD2323F12580009932FB /* main.m */,
			);
			path = SocketIO_Chat_Example;
			sourceTree = "<group>";
		};
		FF0ECD2A23F12695009932FB /* SocketRocket */ = {
			isa = PBXGroup;
			children = (
				FF0ECD2B23F126C9009932FB /* SocketRocketUtility.h */,
				FF0ECD2C23F126C9009932FB /* SocketRocketUtility.m */,
			);
			path = SocketRocket;
			sourceTree = "<group>";
		};
/* End PBXGroup section */

/* Begin PBXNativeTarget section */
		FF0ECD0D23F1257D009932FB /* SocketIO_Chat_Example */ = {
			isa = PBXNativeTarget;
			buildConfigurationList = FF0ECD2723F12580009932FB /* Build configuration list for PBXNativeTarget "SocketIO_Chat_Example" */;
			buildPhases = (
				5EB3509EE10FE72B7B393062 /* [CP] Check Pods Manifest.lock */,
				FF0ECD0A23F1257D009932FB /* Sources */,
				FF0ECD0B23F1257D009932FB /* Frameworks */,
				FF0ECD0C23F1257D009932FB /* Resources */,
				25E883A2B566F7674B24EA1C /* [CP] Embed Pods Frameworks */,
			);
			buildRules = (
			);
			dependencies = (
			);
			name = SocketIO_Chat_Example;
			productName = SocketIO_Chat_Example;
			productReference = FF0ECD0E23F1257E009932FB /* SocketIO_Chat_Example.app */;
			productType = "com.apple.product-type.application";
		};
/* End PBXNativeTarget section */

/* Begin PBXProject section */
		FF0ECD0623F1257D009932FB /* Project object */ = {
			isa = PBXProject;
			attributes = {
				LastUpgradeCheck = 1120;
				ORGANIZATIONNAME = "逸年四季";
				TargetAttributes = {
					FF0ECD0D23F1257D009932FB = {
						CreatedOnToolsVersion = 11.2.1;
					};
				};
			};
			buildConfigurationList = FF0ECD0923F1257D009932FB /* Build configuration list for PBXProject "SocketIO_Chat_Example" */;
			compatibilityVersion = "Xcode 9.3";
			developmentRegion = en;
			hasScannedForEncodings = 0;
			knownRegions = (
				en,
				Base,
			);
			mainGroup = FF0ECD0523F1257D009932FB;
			productRefGroup = FF0ECD0F23F1257E009932FB /* Products */;
			projectDirPath = "";
			projectRoot = "";
			targets = (
				FF0ECD0D23F1257D009932FB /* SocketIO_Chat_Example */,
			);
		};
/* End PBXProject section */

/* Begin PBXResourcesBuildPhase section */
		FF0ECD0C23F1257D009932FB /* Resources */ = {
			isa = PBXResourcesBuildPhase;
			buildActionMask = 2147483647;
			files = (
				FF0ECD2123F12580009932FB /* LaunchScreen.storyboard in Resources */,
				FF0ECD1E23F12580009932FB /* Assets.xcassets in Resources */,
				FF0ECD3723F148D9009932FB /* WebSocketViewController.xib in Resources */,
				FF0ECD1C23F1257E009932FB /* Main.storyboard in Resources */,
				FF0ECD3223F148BE009932FB /* SocketIOViewController.xib in Resources */,
			);
			runOnlyForDeploymentPostprocessing = 0;
		};
/* End PBXResourcesBuildPhase section */

/* Begin PBXShellScriptBuildPhase section */
		25E883A2B566F7674B24EA1C /* [CP] Embed Pods Frameworks */ = {
			isa = PBXShellScriptBuildPhase;
			buildActionMask = 2147483647;
			files = (
			);
			inputFileListPaths = (
				"${PODS_ROOT}/Target Support Files/Pods-SocketIO_Chat_Example/Pods-SocketIO_Chat_Example-frameworks-${CONFIGURATION}-input-files.xcfilelist",
			);
			name = "[CP] Embed Pods Frameworks";
			outputFileListPaths = (
				"${PODS_ROOT}/Target Support Files/Pods-SocketIO_Chat_Example/Pods-SocketIO_Chat_Example-frameworks-${CONFIGURATION}-output-files.xcfilelist",
			);
			runOnlyForDeploymentPostprocessing = 0;
			shellPath = /bin/sh;
			shellScript = "\"${PODS_ROOT}/Target Support Files/Pods-SocketIO_Chat_Example/Pods-SocketIO_Chat_Example-frameworks.sh\"\n";
			showEnvVarsInLog = 0;
		};
		5EB3509EE10FE72B7B393062 /* [CP] Check Pods Manifest.lock */ = {
			isa = PBXShellScriptBuildPhase;
			buildActionMask = 2147483647;
			files = (
			);
			inputFileListPaths = (
			);
			inputPaths = (
				"${PODS_PODFILE_DIR_PATH}/Podfile.lock",
				"${PODS_ROOT}/Manifest.lock",
			);
			name = "[CP] Check Pods Manifest.lock";
			outputFileListPaths = (
			);
			outputPaths = (
				"$(DERIVED_FILE_DIR)/Pods-SocketIO_Chat_Example-checkManifestLockResult.txt",
			);
			runOnlyForDeploymentPostprocessing = 0;
			shellPath = /bin/sh;
			shellScript = "diff \"${PODS_PODFILE_DIR_PATH}/Podfile.lock\" \"${PODS_ROOT}/Manifest.lock\" > /dev/null\nif [ $? != 0 ] ; then\n    # print error to STDERR\n    echo \"error: The sandbox is not in sync with the Podfile.lock. Run 'pod install' or update your CocoaPods installation.\" >&2\n    exit 1\nfi\n# This output is used by Xcode 'outputs' to avoid re-running this script phase.\necho \"SUCCESS\" > \"${SCRIPT_OUTPUT_FILE_0}\"\n";
			showEnvVarsInLog = 0;
		};
/* End PBXShellScriptBuildPhase section */

/* Begin PBXSourcesBuildPhase section */
		FF0ECD0A23F1257D009932FB /* Sources */ = {
			isa = PBXSourcesBuildPhase;
			buildActionMask = 2147483647;
			files = (
				FF0ECD1923F1257E009932FB /* ViewController.m in Sources */,
				FF0ECD1323F1257E009932FB /* AppDelegate.m in Sources */,
				FF0ECD2423F12580009932FB /* main.m in Sources */,
				FF0ECD2D23F126C9009932FB /* SocketRocketUtility.m in Sources */,
				FF0ECD3623F148D9009932FB /* WebSocketViewController.m in Sources */,
				FF0ECD1623F1257E009932FB /* SceneDelegate.m in Sources */,
				FF0ECD3123F148BE009932FB /* SocketIOViewController.m in Sources */,
			);
			runOnlyForDeploymentPostprocessing = 0;
		};
/* End PBXSourcesBuildPhase section */

/* Begin PBXVariantGroup section */
		FF0ECD1A23F1257E009932FB /* Main.storyboard */ = {
			isa = PBXVariantGroup;
			children = (
				FF0ECD1B23F1257E009932FB /* Base */,
			);
			name = Main.storyboard;
			sourceTree = "<group>";
		};
		FF0ECD1F23F12580009932FB /* LaunchScreen.storyboard */ = {
			isa = PBXVariantGroup;
			children = (
				FF0ECD2023F12580009932FB /* Base */,
			);
			name = LaunchScreen.storyboard;
			sourceTree = "<group>";
		};
/* End PBXVariantGroup section */

/* Begin XCBuildConfiguration section */
		FF0ECD2523F12580009932FB /* Debug */ = {
			isa = XCBuildConfiguration;
			buildSettings = {
				ALWAYS_SEARCH_USER_PATHS = NO;
				CLANG_ANALYZER_NONNULL = YES;
				CLANG_ANALYZER_NUMBER_OBJECT_CONVERSION = YES_AGGRESSIVE;
				CLANG_CXX_LANGUAGE_STANDARD = "gnu++14";
				CLANG_CXX_LIBRARY = "libc++";
				CLANG_ENABLE_MODULES = YES;
				CLANG_ENABLE_OBJC_ARC = YES;
				CLANG_ENABLE_OBJC_WEAK = YES;
				CLANG_WARN_BLOCK_CAPTURE_AUTORELEASING = YES;
				CLANG_WARN_BOOL_CONVERSION = YES;
				CLANG_WARN_COMMA = YES;
				CLANG_WARN_CONSTANT_CONVERSION = YES;
				CLANG_WARN_DEPRECATED_OBJC_IMPLEMENTATIONS = YES;
				CLANG_WARN_DIRECT_OBJC_ISA_USAGE = YES_ERROR;
				CLANG_WARN_DOCUMENTATION_COMMENTS = YES;
				CLANG_WARN_EMPTY_BODY = YES;
				CLANG_WARN_ENUM_CONVERSION = YES;
				CLANG_WARN_INFINITE_RECURSION = YES;
				CLANG_WARN_INT_CONVERSION = YES;
				CLANG_WARN_NON_LITERAL_NULL_CONVERSION = YES;
				CLANG_WARN_OBJC_IMPLICIT_RETAIN_SELF = YES;
				CLANG_WARN_OBJC_LITERAL_CONVERSION = YES;
				CLANG_WARN_OBJC_ROOT_CLASS = YES_ERROR;
				CLANG_WARN_RANGE_LOOP_ANALYSIS = YES;
				CLANG_WARN_STRICT_PROTOTYPES = YES;
				CLANG_WARN_SUSPICIOUS_MOVE = YES;
				CLANG_WARN_UNGUARDED_AVAILABILITY = YES_AGGRESSIVE;
				CLANG_WARN_UNREACHABLE_CODE = YES;
				CLANG_WARN__DUPLICATE_METHOD_MATCH = YES;
				COPY_PHASE_STRIP = NO;
				DEBUG_INFORMATION_FORMAT = dwarf;
				ENABLE_STRICT_OBJC_MSGSEND = YES;
				ENABLE_TESTABILITY = YES;
				GCC_C_LANGUAGE_STANDARD = gnu11;
				GCC_DYNAMIC_NO_PIC = NO;
				GCC_NO_COMMON_BLOCKS = YES;
				GCC_OPTIMIZATION_LEVEL = 0;
				GCC_PREPROCESSOR_DEFINITIONS = (
					"DEBUG=1",
					"$(inherited)",
				);
				GCC_WARN_64_TO_32_BIT_CONVERSION = YES;
				GCC_WARN_ABOUT_RETURN_TYPE = YES_ERROR;
				GCC_WARN_UNDECLARED_SELECTOR = YES;
				GCC_WARN_UNINITIALIZED_AUTOS = YES_AGGRESSIVE;
				GCC_WARN_UNUSED_FUNCTION = YES;
				GCC_WARN_UNUSED_VARIABLE = YES;
				IPHONEOS_DEPLOYMENT_TARGET = 13.2;
				MTL_ENABLE_DEBUG_INFO = INCLUDE_SOURCE;
				MTL_FAST_MATH = YES;
				ONLY_ACTIVE_ARCH = YES;
				SDKROOT = iphoneos;
			};
			name = Debug;
		};
		FF0ECD2623F12580009932FB /* Release */ = {
			isa = XCBuildConfiguration;
			buildSettings = {
				ALWAYS_SEARCH_USER_PATHS = NO;
				CLANG_ANALYZER_NONNULL = YES;
				CLANG_ANALYZER_NUMBER_OBJECT_CONVERSION = YES_AGGRESSIVE;
				CLANG_CXX_LANGUAGE_STANDARD = "gnu++14";
				CLANG_CXX_LIBRARY = "libc++";
				CLANG_ENABLE_MODULES = YES;
				CLANG_ENABLE_OBJC_ARC = YES;
				CLANG_ENABLE_OBJC_WEAK = YES;
				CLANG_WARN_BLOCK_CAPTURE_AUTORELEASING = YES;
				CLANG_WARN_BOOL_CONVERSION = YES;
				CLANG_WARN_COMMA = YES;
				CLANG_WARN_CONSTANT_CONVERSION = YES;
				CLANG_WARN_DEPRECATED_OBJC_IMPLEMENTATIONS = YES;
				CLANG_WARN_DIRECT_OBJC_ISA_USAGE = YES_ERROR;
				CLANG_WARN_DOCUMENTATION_COMMENTS = YES;
				CLANG_WARN_EMPTY_BODY = YES;
				CLANG_WARN_ENUM_CONVERSION = YES;
				CLANG_WARN_INFINITE_RECURSION = YES;
				CLANG_WARN_INT_CONVERSION = YES;
				CLANG_WARN_NON_LITERAL_NULL_CONVERSION = YES;
				CLANG_WARN_OBJC_IMPLICIT_RETAIN_SELF = YES;
				CLANG_WARN_OBJC_LITERAL_CONVERSION = YES;
				CLANG_WARN_OBJC_ROOT_CLASS = YES_ERROR;
				CLANG_WARN_RANGE_LOOP_ANALYSIS = YES;
				CLANG_WARN_STRICT_PROTOTYPES = YES;
				CLANG_WARN_SUSPICIOUS_MOVE = YES;
				CLANG_WARN_UNGUARDED_AVAILABILITY = YES_AGGRESSIVE;
				CLANG_WARN_UNREACHABLE_CODE = YES;
				CLANG_WARN__DUPLICATE_METHOD_MATCH = YES;
				COPY_PHASE_STRIP = NO;
				DEBUG_INFORMATION_FORMAT = "dwarf-with-dsym";
				ENABLE_NS_ASSERTIONS = NO;
				ENABLE_STRICT_OBJC_MSGSEND = YES;
				GCC_C_LANGUAGE_STANDARD = gnu11;
				GCC_NO_COMMON_BLOCKS = YES;
				GCC_WARN_64_TO_32_BIT_CONVERSION = YES;
				GCC_WARN_ABOUT_RETURN_TYPE = YES_ERROR;
				GCC_WARN_UNDECLARED_SELECTOR = YES;
				GCC_WARN_UNINITIALIZED_AUTOS = YES_AGGRESSIVE;
				GCC_WARN_UNUSED_FUNCTION = YES;
				GCC_WARN_UNUSED_VARIABLE = YES;
				IPHONEOS_DEPLOYMENT_TARGET = 13.2;
				MTL_ENABLE_DEBUG_INFO = NO;
				MTL_FAST_MATH = YES;
				SDKROOT = iphoneos;
				VALIDATE_PRODUCT = YES;
			};
			name = Release;
		};
		FF0ECD2823F12580009932FB /* Debug */ = {
			isa = XCBuildConfiguration;
			baseConfigurationReference = C1480AB128E701C2ED50E2E7 /* Pods-SocketIO_Chat_Example.debug.xcconfig */;
			buildSettings = {
				ASSETCATALOG_COMPILER_APPICON_NAME = AppIcon;
				CODE_SIGN_STYLE = Automatic;
				INFOPLIST_FILE = SocketIO_Chat_Example/Info.plist;
				LD_RUNPATH_SEARCH_PATHS = (
					"$(inherited)",
					"@executable_path/Frameworks",
				);
				PRODUCT_BUNDLE_IDENTIFIER = "com.yiniansiji.SocketIO-Chat-Example";
				PRODUCT_NAME = "$(TARGET_NAME)";
				TARGETED_DEVICE_FAMILY = "1,2";
			};
			name = Debug;
		};
		FF0ECD2923F12580009932FB /* Release */ = {
			isa = XCBuildConfiguration;
			baseConfigurationReference = 970D2883CCFFD181F87CFE02 /* Pods-SocketIO_Chat_Example.release.xcconfig */;
			buildSettings = {
				ASSETCATALOG_COMPILER_APPICON_NAME = AppIcon;
				CODE_SIGN_STYLE = Automatic;
				INFOPLIST_FILE = SocketIO_Chat_Example/Info.plist;
				LD_RUNPATH_SEARCH_PATHS = (
					"$(inherited)",
					"@executable_path/Frameworks",
				);
				PRODUCT_BUNDLE_IDENTIFIER = "com.yiniansiji.SocketIO-Chat-Example";
				PRODUCT_NAME = "$(TARGET_NAME)";
				TARGETED_DEVICE_FAMILY = "1,2";
			};
			name = Release;
		};
/* End XCBuildConfiguration section */

/* Begin XCConfigurationList section */
		FF0ECD0923F1257D009932FB /* Build configuration list for PBXProject "SocketIO_Chat_Example" */ = {
			isa = XCConfigurationList;
			buildConfigurations = (
				FF0ECD2523F12580009932FB /* Debug */,
				FF0ECD2623F12580009932FB /* Release */,
			);
			defaultConfigurationIsVisible = 0;
			defaultConfigurationName = Release;
		};
		FF0ECD2723F12580009932FB /* Build configuration list for PBXNativeTarget "SocketIO_Chat_Example" */ = {
			isa = XCConfigurationList;
			buildConfigurations = (
				FF0ECD2823F12580009932FB /* Debug */,
				FF0ECD2923F12580009932FB /* Release */,
			);
			defaultConfigurationIsVisible = 0;
			defaultConfigurationName = Release;
		};
/* End XCConfigurationList section */
	};
	rootObject = FF0ECD0623F1257D009932FB /* Project object */;
}
